{
  "originHash" : "95f04d912ab4bb0a53013fd3f21d89482f7f3101a99768b209a51bd240533fa2",
  "pins" : [
    {
      "identity" : "agnikit",
      "kind" : "remoteSourceControl",
      "location" : "https://github.com/rryam/AgniKit",
      "state" : {
        "branch" : "main",
        "revision" : "37bbd508ec80b65bf088c34aedf78309901c1edd"
      }
    }
  ],
  "version" : 3
}
